
Microsoft Visual Studio Solution File, Format Version 12.00
# Visual Studio 14
VisualStudioVersion = 14.0.25420.1
MinimumVisualStudioVersion = 10.0.40219.1
Project("{FAE04EC0-301F-11D3-BF4B-00C04F79EFBC}") = "CimServer", "SimpleChat\CimServer.csproj", "{C8DA2570-FEEB-4F7E-966A-6927E421558E}"
	ProjectSection(ProjectDependencies) = postProject
		{E5102C8B-37C8-4065-ABDF-709EFAED10B6} = {E5102C8B-37C8-4065-ABDF-709EFAED10B6}
		{04D09ACC-FF6F-464E-8668-5853B701FF94} = {04D09ACC-FF6F-464E-8668-5853B701FF94}
	EndProjectSection
EndProject
Project("{FAE04EC0-301F-11D3-BF4B-00C04F79EFBC}") = "Cml", "CoMesLib\Cml.csproj", "{12D40C8E-0B8A-492E-A1E8-4C81CAAD7F96}"
EndProject
Project("{FAE04EC0-301F-11D3-BF4B-00C04F79EFBC}") = "CoMessenger Client", "CoMessenger Client\CoMessenger Client.csproj", "{D6C86E9E-F7D1-40BF-ABE8-5AF687DEA6E0}"
EndProject
Project("{54435603-DBB4-11D2-8724-00A0C9A8B90C}") = "PetalInstallation", "PetalInstallation\PetalInstallation.vdproj", "{8429E34D-594B-4DB5-80BB-D8F4D736E0D8}"
EndProject
Project("{FAE04EC0-301F-11D3-BF4B-00C04F79EFBC}") = "BuiltInAuthentication", "BuiltInUsersProvider\BuiltInAuthentication.csproj", "{04D09ACC-FF6F-464E-8668-5853B701FF94}"
EndProject
Project("{FAE04EC0-301F-11D3-BF4B-00C04F79EFBC}") = "CimPlugin", "CimPlugin\CimPlugin.csproj", "{4791DA77-C174-49E0-BF58-96A0A7710A0C}"
EndProject
Project("{FAE04EC0-301F-11D3-BF4B-00C04F79EFBC}") = "ActiveDirectoryAuthentication", "ActiveDirectoryAuthentication\ActiveDirectoryAuthentication.csproj", "{E5102C8B-37C8-4065-ABDF-709EFAED10B6}"
EndProject
Project("{FAE04EC0-301F-11D3-BF4B-00C04F79EFBC}") = "CimServerConsole", "CimServerConsole\CimServerConsole.csproj", "{38A12852-FA13-4D5D-A968-F117A55C4698}"
EndProject
Project("{2150E333-8FDC-42A3-9474-1A3956D46DE8}") = "Server", "Server", "{91BEDA16-F395-45FE-8B91-A7052F93FB28}"
EndProject
Project("{FAE04EC0-301F-11D3-BF4B-00C04F79EFBC}") = "CimServerService", "CimServerService\CimServerService.csproj", "{8108763C-8EA0-43F4-A8AE-F75E704913A9}"
EndProject
Global
	GlobalSection(SolutionConfigurationPlatforms) = preSolution
		Debug|Any CPU = Debug|Any CPU
		Debug|Mixed Platforms = Debug|Mixed Platforms
		Debug|Win32 = Debug|Win32
		Debug|x64 = Debug|x64
		Debug|x86 = Debug|x86
		Release|Any CPU = Release|Any CPU
		Release|Mixed Platforms = Release|Mixed Platforms
		Release|Win32 = Release|Win32
		Release|x64 = Release|x64
		Release|x86 = Release|x86
	EndGlobalSection
	GlobalSection(ProjectConfigurationPlatforms) = postSolution
		{C8DA2570-FEEB-4F7E-966A-6927E421558E}.Debug|Any CPU.ActiveCfg = Debug|x86
		{C8DA2570-FEEB-4F7E-966A-6927E421558E}.Debug|Mixed Platforms.ActiveCfg = Debug|x86
		{C8DA2570-FEEB-4F7E-966A-6927E421558E}.Debug|Mixed Platforms.Build.0 = Debug|x86
		{C8DA2570-FEEB-4F7E-966A-6927E421558E}.Debug|Win32.ActiveCfg = Debug|x86
		{C8DA2570-FEEB-4F7E-966A-6927E421558E}.Debug|x64.ActiveCfg = Debug|x86
		{C8DA2570-FEEB-4F7E-966A-6927E421558E}.Debug|x86.ActiveCfg = Debug|x86
		{C8DA2570-FEEB-4F7E-966A-6927E421558E}.Debug|x86.Build.0 = Debug|x86
		{C8DA2570-FEEB-4F7E-966A-6927E421558E}.Release|Any CPU.ActiveCfg = Release|x86
		{C8DA2570-FEEB-4F7E-966A-6927E421558E}.Release|Mixed Platforms.ActiveCfg = Release|x86
		{C8DA2570-FEEB-4F7E-966A-6927E421558E}.Release|Mixed Platforms.Build.0 = Release|x86
		{C8DA2570-FEEB-4F7E-966A-6927E421558E}.Release|Win32.ActiveCfg = Release|x86
		{C8DA2570-FEEB-4F7E-966A-6927E421558E}.Release|x64.ActiveCfg = Release|x86
		{C8DA2570-FEEB-4F7E-966A-6927E421558E}.Release|x86.ActiveCfg = Release|x86
		{C8DA2570-FEEB-4F7E-966A-6927E421558E}.Release|x86.Build.0 = Release|x86
		{12D40C8E-0B8A-492E-A1E8-4C81CAAD7F96}.Debug|Any CPU.ActiveCfg = Debug|Any CPU
		{12D40C8E-0B8A-492E-A1E8-4C81CAAD7F96}.Debug|Any CPU.Build.0 = Debug|Any CPU
		{12D40C8E-0B8A-492E-A1E8-4C81CAAD7F96}.Debug|Mixed Platforms.ActiveCfg = Debug|Any CPU
		{12D40C8E-0B8A-492E-A1E8-4C81CAAD7F96}.Debug|Mixed Platforms.Build.0 = Debug|Any CPU
		{12D40C8E-0B8A-492E-A1E8-4C81CAAD7F96}.Debug|Win32.ActiveCfg = Debug|Any CPU
		{12D40C8E-0B8A-492E-A1E8-4C81CAAD7F96}.Debug|x64.ActiveCfg = Debug|Any CPU
		{12D40C8E-0B8A-492E-A1E8-4C81CAAD7F96}.Debug|x86.ActiveCfg = Debug|Any CPU
		{12D40C8E-0B8A-492E-A1E8-4C81CAAD7F96}.Debug|x86.Build.0 = Debug|Any CPU
		{12D40C8E-0B8A-492E-A1E8-4C81CAAD7F96}.Release|Any CPU.ActiveCfg = Release|Any CPU
		{12D40C8E-0B8A-492E-A1E8-4C81CAAD7F96}.Release|Any CPU.Build.0 = Release|Any CPU
		{12D40C8E-0B8A-492E-A1E8-4C81CAAD7F96}.Release|Mixed Platforms.ActiveCfg = Release|Any CPU
		{12D40C8E-0B8A-492E-A1E8-4C81CAAD7F96}.Release|Mixed Platforms.Build.0 = Release|Any CPU
		{12D40C8E-0B8A-492E-A1E8-4C81CAAD7F96}.Release|Win32.ActiveCfg = Release|Any CPU
		{12D40C8E-0B8A-492E-A1E8-4C81CAAD7F96}.Release|x64.ActiveCfg = Release|Any CPU
		{12D40C8E-0B8A-492E-A1E8-4C81CAAD7F96}.Release|x86.ActiveCfg = Release|Any CPU
		{D6C86E9E-F7D1-40BF-ABE8-5AF687DEA6E0}.Debug|Any CPU.ActiveCfg = Debug|x86
		{D6C86E9E-F7D1-40BF-ABE8-5AF687DEA6E0}.Debug|Mixed Platforms.ActiveCfg = Debug|x86
		{D6C86E9E-F7D1-40BF-ABE8-5AF687DEA6E0}.Debug|Mixed Platforms.Build.0 = Debug|x86
		{D6C86E9E-F7D1-40BF-ABE8-5AF687DEA6E0}.Debug|Win32.ActiveCfg = Debug|x86
		{D6C86E9E-F7D1-40BF-ABE8-5AF687DEA6E0}.Debug|x64.ActiveCfg = Debug|x86
		{D6C86E9E-F7D1-40BF-ABE8-5AF687DEA6E0}.Debug|x86.ActiveCfg = Debug|x86
		{D6C86E9E-F7D1-40BF-ABE8-5AF687DEA6E0}.Debug|x86.Build.0 = Debug|x86
		{D6C86E9E-F7D1-40BF-ABE8-5AF687DEA6E0}.Release|Any CPU.ActiveCfg = Release|x86
		{D6C86E9E-F7D1-40BF-ABE8-5AF687DEA6E0}.Release|Mixed Platforms.ActiveCfg = Release|x86
		{D6C86E9E-F7D1-40BF-ABE8-5AF687DEA6E0}.Release|Mixed Platforms.Build.0 = Release|x86
		{D6C86E9E-F7D1-40BF-ABE8-5AF687DEA6E0}.Release|Win32.ActiveCfg = Release|x86
		{D6C86E9E-F7D1-40BF-ABE8-5AF687DEA6E0}.Release|x64.ActiveCfg = Release|x86
		{D6C86E9E-F7D1-40BF-ABE8-5AF687DEA6E0}.Release|x86.ActiveCfg = Release|x86
		{D6C86E9E-F7D1-40BF-ABE8-5AF687DEA6E0}.Release|x86.Build.0 = Release|x86
		{8429E34D-594B-4DB5-80BB-D8F4D736E0D8}.Debug|Any CPU.ActiveCfg = Debug
		{8429E34D-594B-4DB5-80BB-D8F4D736E0D8}.Debug|Mixed Platforms.ActiveCfg = Debug
		{8429E34D-594B-4DB5-80BB-D8F4D736E0D8}.Debug|Win32.ActiveCfg = Debug
		{8429E34D-594B-4DB5-80BB-D8F4D736E0D8}.Debug|x64.ActiveCfg = Debug
		{8429E34D-594B-4DB5-80BB-D8F4D736E0D8}.Debug|x86.ActiveCfg = Debug
		{8429E34D-594B-4DB5-80BB-D8F4D736E0D8}.Release|Any CPU.ActiveCfg = Release
		{8429E34D-594B-4DB5-80BB-D8F4D736E0D8}.Release|Mixed Platforms.ActiveCfg = Release
		{8429E34D-594B-4DB5-80BB-D8F4D736E0D8}.Release|Win32.ActiveCfg = Release
		{8429E34D-594B-4DB5-80BB-D8F4D736E0D8}.Release|x64.ActiveCfg = Release
		{8429E34D-594B-4DB5-80BB-D8F4D736E0D8}.Release|x86.ActiveCfg = Release
		{04D09ACC-FF6F-464E-8668-5853B701FF94}.Debug|Any CPU.ActiveCfg = Debug|Any CPU
		{04D09ACC-FF6F-464E-8668-5853B701FF94}.Debug|Any CPU.Build.0 = Debug|Any CPU
		{04D09ACC-FF6F-464E-8668-5853B701FF94}.Debug|Mixed Platforms.ActiveCfg = Debug|Any CPU
		{04D09ACC-FF6F-464E-8668-5853B701FF94}.Debug|Mixed Platforms.Build.0 = Debug|Any CPU
		{04D09ACC-FF6F-464E-8668-5853B701FF94}.Debug|Win32.ActiveCfg = Debug|Any CPU
		{04D09ACC-FF6F-464E-8668-5853B701FF94}.Debug|Win32.Build.0 = Debug|Any CPU
		{04D09ACC-FF6F-464E-8668-5853B701FF94}.Debug|x64.ActiveCfg = Debug|Any CPU
		{04D09ACC-FF6F-464E-8668-5853B701FF94}.Debug|x64.Build.0 = Debug|Any CPU
		{04D09ACC-FF6F-464E-8668-5853B701FF94}.Debug|x86.ActiveCfg = Debug|Any CPU
		{04D09ACC-FF6F-464E-8668-5853B701FF94}.Debug|x86.Build.0 = Debug|Any CPU
		{04D09ACC-FF6F-464E-8668-5853B701FF94}.Release|Any CPU.ActiveCfg = Release|Any CPU
		{04D09ACC-FF6F-464E-8668-5853B701FF94}.Release|Any CPU.Build.0 = Release|Any CPU
		{04D09ACC-FF6F-464E-8668-5853B701FF94}.Release|Mixed Platforms.ActiveCfg = Release|Any CPU
		{04D09ACC-FF6F-464E-8668-5853B701FF94}.Release|Mixed Platforms.Build.0 = Release|Any CPU
		{04D09ACC-FF6F-464E-8668-5853B701FF94}.Release|Win32.ActiveCfg = Release|Any CPU
		{04D09ACC-FF6F-464E-8668-5853B701FF94}.Release|Win32.Build.0 = Release|Any CPU
		{04D09ACC-FF6F-464E-8668-5853B701FF94}.Release|x64.ActiveCfg = Release|Any CPU
		{04D09ACC-FF6F-464E-8668-5853B701FF94}.Release|x64.Build.0 = Release|Any CPU
		{04D09ACC-FF6F-464E-8668-5853B701FF94}.Release|x86.ActiveCfg = Release|Any CPU
		{04D09ACC-FF6F-464E-8668-5853B701FF94}.Release|x86.Build.0 = Release|Any CPU
		{4791DA77-C174-49E0-BF58-96A0A7710A0C}.Debug|Any CPU.ActiveCfg = Debug|Any CPU
		{4791DA77-C174-49E0-BF58-96A0A7710A0C}.Debug|Any CPU.Build.0 = Debug|Any CPU
		{4791DA77-C174-49E0-BF58-96A0A7710A0C}.Debug|Mixed Platforms.ActiveCfg = Debug|Any CPU
		{4791DA77-C174-49E0-BF58-96A0A7710A0C}.Debug|Mixed Platforms.Build.0 = Debug|Any CPU
		{4791DA77-C174-49E0-BF58-96A0A7710A0C}.Debug|Win32.ActiveCfg = Debug|Any CPU
		{4791DA77-C174-49E0-BF58-96A0A7710A0C}.Debug|Win32.Build.0 = Debug|Any CPU
		{4791DA77-C174-49E0-BF58-96A0A7710A0C}.Debug|x64.ActiveCfg = Debug|Any CPU
		{4791DA77-C174-49E0-BF58-96A0A7710A0C}.Debug|x64.Build.0 = Debug|Any CPU
		{4791DA77-C174-49E0-BF58-96A0A7710A0C}.Debug|x86.ActiveCfg = Debug|Any CPU
		{4791DA77-C174-49E0-BF58-96A0A7710A0C}.Debug|x86.Build.0 = Debug|Any CPU
		{4791DA77-C174-49E0-BF58-96A0A7710A0C}.Release|Any CPU.ActiveCfg = Release|Any CPU
		{4791DA77-C174-49E0-BF58-96A0A7710A0C}.Release|Any CPU.Build.0 = Release|Any CPU
		{4791DA77-C174-49E0-BF58-96A0A7710A0C}.Release|Mixed Platforms.ActiveCfg = Release|Any CPU
		{4791DA77-C174-49E0-BF58-96A0A7710A0C}.Release|Mixed Platforms.Build.0 = Release|Any CPU
		{4791DA77-C174-49E0-BF58-96A0A7710A0C}.Release|Win32.ActiveCfg = Release|Any CPU
		{4791DA77-C174-49E0-BF58-96A0A7710A0C}.Release|Win32.Build.0 = Release|Any CPU
		{4791DA77-C174-49E0-BF58-96A0A7710A0C}.Release|x64.ActiveCfg = Release|Any CPU
		{4791DA77-C174-49E0-BF58-96A0A7710A0C}.Release|x64.Build.0 = Release|Any CPU
		{4791DA77-C174-49E0-BF58-96A0A7710A0C}.Release|x86.ActiveCfg = Release|Any CPU
		{4791DA77-C174-49E0-BF58-96A0A7710A0C}.Release|x86.Build.0 = Release|Any CPU
		{E5102C8B-37C8-4065-ABDF-709EFAED10B6}.Debug|Any CPU.ActiveCfg = Debug|Any CPU
		{E5102C8B-37C8-4065-ABDF-709EFAED10B6}.Debug|Any CPU.Build.0 = Debug|Any CPU
		{E5102C8B-37C8-4065-ABDF-709EFAED10B6}.Debug|Mixed Platforms.ActiveCfg = Debug|Any CPU
		{E5102C8B-37C8-4065-ABDF-709EFAED10B6}.Debug|Mixed Platforms.Build.0 = Debug|Any CPU
		{E5102C8B-37C8-4065-ABDF-709EFAED10B6}.Debug|Win32.ActiveCfg = Debug|Any CPU
		{E5102C8B-37C8-4065-ABDF-709EFAED10B6}.Debug|Win32.Build.0 = Debug|Any CPU
		{E5102C8B-37C8-4065-ABDF-709EFAED10B6}.Debug|x64.ActiveCfg = Debug|Any CPU
		{E5102C8B-37C8-4065-ABDF-709EFAED10B6}.Debug|x64.Build.0 = Debug|Any CPU
		{E5102C8B-37C8-4065-ABDF-709EFAED10B6}.Debug|x86.ActiveCfg = Debug|Any CPU
		{E5102C8B-37C8-4065-ABDF-709EFAED10B6}.Debug|x86.Build.0 = Debug|Any CPU
		{E5102C8B-37C8-4065-ABDF-709EFAED10B6}.Release|Any CPU.ActiveCfg = Release|Any CPU
		{E5102C8B-37C8-4065-ABDF-709EFAED10B6}.Release|Any CPU.Build.0 = Release|Any CPU
		{E5102C8B-37C8-4065-ABDF-709EFAED10B6}.Release|Mixed Platforms.ActiveCfg = Release|Any CPU
		{E5102C8B-37C8-4065-ABDF-709EFAED10B6}.Release|Mixed Platforms.Build.0 = Release|Any CPU
		{E5102C8B-37C8-4065-ABDF-709EFAED10B6}.Release|Win32.ActiveCfg = Release|Any CPU
		{E5102C8B-37C8-4065-ABDF-709EFAED10B6}.Release|Win32.Build.0 = Release|Any CPU
		{E5102C8B-37C8-4065-ABDF-709EFAED10B6}.Release|x64.ActiveCfg = Release|Any CPU
		{E5102C8B-37C8-4065-ABDF-709EFAED10B6}.Release|x64.Build.0 = Release|Any CPU
		{E5102C8B-37C8-4065-ABDF-709EFAED10B6}.Release|x86.ActiveCfg = Release|Any CPU
		{E5102C8B-37C8-4065-ABDF-709EFAED10B6}.Release|x86.Build.0 = Release|Any CPU
		{38A12852-FA13-4D5D-A968-F117A55C4698}.Debug|Any CPU.ActiveCfg = Debug|Any CPU
		{38A12852-FA13-4D5D-A968-F117A55C4698}.Debug|Any CPU.Build.0 = Debug|Any CPU
		{38A12852-FA13-4D5D-A968-F117A55C4698}.Debug|Mixed Platforms.ActiveCfg = Debug|Any CPU
		{38A12852-FA13-4D5D-A968-F117A55C4698}.Debug|Mixed Platforms.Build.0 = Debug|Any CPU
		{38A12852-FA13-4D5D-A968-F117A55C4698}.Debug|Win32.ActiveCfg = Debug|Any CPU
		{38A12852-FA13-4D5D-A968-F117A55C4698}.Debug|Win32.Build.0 = Debug|Any CPU
		{38A12852-FA13-4D5D-A968-F117A55C4698}.Debug|x64.ActiveCfg = Debug|Any CPU
		{38A12852-FA13-4D5D-A968-F117A55C4698}.Debug|x64.Build.0 = Debug|Any CPU
		{38A12852-FA13-4D5D-A968-F117A55C4698}.Debug|x86.ActiveCfg = Debug|Any CPU
		{38A12852-FA13-4D5D-A968-F117A55C4698}.Debug|x86.Build.0 = Debug|Any CPU
		{38A12852-FA13-4D5D-A968-F117A55C4698}.Release|Any CPU.ActiveCfg = Release|Any CPU
		{38A12852-FA13-4D5D-A968-F117A55C4698}.Release|Any CPU.Build.0 = Release|Any CPU
		{38A12852-FA13-4D5D-A968-F117A55C4698}.Release|Mixed Platforms.ActiveCfg = Release|Any CPU
		{38A12852-FA13-4D5D-A968-F117A55C4698}.Release|Mixed Platforms.Build.0 = Release|Any CPU
		{38A12852-FA13-4D5D-A968-F117A55C4698}.Release|Win32.ActiveCfg = Release|Any CPU
		{38A12852-FA13-4D5D-A968-F117A55C4698}.Release|Win32.Build.0 = Release|Any CPU
		{38A12852-FA13-4D5D-A968-F117A55C4698}.Release|x64.ActiveCfg = Release|Any CPU
		{38A12852-FA13-4D5D-A968-F117A55C4698}.Release|x64.Build.0 = Release|Any CPU
		{38A12852-FA13-4D5D-A968-F117A55C4698}.Release|x86.ActiveCfg = Release|Any CPU
		{38A12852-FA13-4D5D-A968-F117A55C4698}.Release|x86.Build.0 = Release|Any CPU
		{8108763C-8EA0-43F4-A8AE-F75E704913A9}.Debug|Any CPU.ActiveCfg = Debug|Any CPU
		{8108763C-8EA0-43F4-A8AE-F75E704913A9}.Debug|Any CPU.Build.0 = Debug|Any CPU
		{8108763C-8EA0-43F4-A8AE-F75E704913A9}.Debug|Mixed Platforms.ActiveCfg = Debug|Any CPU
		{8108763C-8EA0-43F4-A8AE-F75E704913A9}.Debug|Mixed Platforms.Build.0 = Debug|Any CPU
		{8108763C-8EA0-43F4-A8AE-F75E704913A9}.Debug|Win32.ActiveCfg = Debug|Any CPU
		{8108763C-8EA0-43F4-A8AE-F75E704913A9}.Debug|Win32.Build.0 = Debug|Any CPU
		{8108763C-8EA0-43F4-A8AE-F75E704913A9}.Debug|x64.ActiveCfg = Debug|Any CPU
		{8108763C-8EA0-43F4-A8AE-F75E704913A9}.Debug|x64.Build.0 = Debug|Any CPU
		{8108763C-8EA0-43F4-A8AE-F75E704913A9}.Debug|x86.ActiveCfg = Debug|Any CPU
		{8108763C-8EA0-43F4-A8AE-F75E704913A9}.Debug|x86.Build.0 = Debug|Any CPU
		{8108763C-8EA0-43F4-A8AE-F75E704913A9}.Release|Any CPU.ActiveCfg = Release|Any CPU
		{8108763C-8EA0-43F4-A8AE-F75E704913A9}.Release|Any CPU.Build.0 = Release|Any CPU
		{8108763C-8EA0-43F4-A8AE-F75E704913A9}.Release|Mixed Platforms.ActiveCfg = Release|Any CPU
		{8108763C-8EA0-43F4-A8AE-F75E704913A9}.Release|Mixed Platforms.Build.0 = Release|Any CPU
		{8108763C-8EA0-43F4-A8AE-F75E704913A9}.Release|Win32.ActiveCfg = Release|Any CPU
		{8108763C-8EA0-43F4-A8AE-F75E704913A9}.Release|Win32.Build.0 = Release|Any CPU
		{8108763C-8EA0-43F4-A8AE-F75E704913A9}.Release|x64.ActiveCfg = Release|Any CPU
		{8108763C-8EA0-43F4-A8AE-F75E704913A9}.Release|x64.Build.0 = Release|Any CPU
		{8108763C-8EA0-43F4-A8AE-F75E704913A9}.Release|x86.ActiveCfg = Release|Any CPU
		{8108763C-8EA0-43F4-A8AE-F75E704913A9}.Release|x86.Build.0 = Release|Any CPU
	EndGlobalSection
	GlobalSection(SolutionProperties) = preSolution
		HideSolutionNode = FALSE
	EndGlobalSection
	GlobalSection(NestedProjects) = preSolution
		{C8DA2570-FEEB-4F7E-966A-6927E421558E} = {91BEDA16-F395-45FE-8B91-A7052F93FB28}
		{4791DA77-C174-49E0-BF58-96A0A7710A0C} = {91BEDA16-F395-45FE-8B91-A7052F93FB28}
		{38A12852-FA13-4D5D-A968-F117A55C4698} = {91BEDA16-F395-45FE-8B91-A7052F93FB28}
		{8108763C-8EA0-43F4-A8AE-F75E704913A9} = {91BEDA16-F395-45FE-8B91-A7052F93FB28}
	EndGlobalSection
EndGlobal
